// !$*UTF8*$!
{
	archiveVersion = 1;
	classes = {
	};
	objectVersion = 56;
	objects = {

/* Begin PBXBuildFile section */
		ECC74A9929C1FCE400FA8A60 /* UIViewController+Ext.swift in Sources */ = {isa = PBXBuildFile; fileRef = ECC74A9829C1FCE400FA8A60 /* UIViewController+Ext.swift */; };
		ECCD316829B6047100F98EDD /* AppDelegate.swift in Sources */ = {isa = PBXBuildFile; fileRef = ECCD316729B6047100F98EDD /* AppDelegate.swift */; };
		ECCD316C29B6047100F98EDD /* ScannerViewController.swift in Sources */ = {isa = PBXBuildFile; fileRef = ECCD316B29B6047100F98EDD /* ScannerViewController.swift */; };
		ECCD317129B6047200F98EDD /* Assets.xcassets in Resources */ = {isa = PBXBuildFile; fileRef = ECCD317029B6047200F98EDD /* Assets.xcassets */; };
		ECCD317429B6047200F98EDD /* LaunchScreen.storyboard in Resources */ = {isa = PBXBuildFile; fileRef = ECCD317229B6047200F98EDD /* LaunchScreen.storyboard */; };
		ECD07DA829BCEB45007E46FE /* Router.swift in Sources */ = {isa = PBXBuildFile; fileRef = ECD07DA729BCEB45007E46FE /* Router.swift */; };
		ECD07DAA29BCEB58007E46FE /* AssemblyModuleBuilder.swift in Sources */ = {isa = PBXBuildFile; fileRef = ECD07DA929BCEB58007E46FE /* AssemblyModuleBuilder.swift */; };
		ECD07DAC29BCEF36007E46FE /* ScannerPresenter.swift in Sources */ = {isa = PBXBuildFile; fileRef = ECD07DAB29BCEF36007E46FE /* ScannerPresenter.swift */; };
		ECD07DAF29BCF819007E46FE /* WebViewController.swift in Sources */ = {isa = PBXBuildFile; fileRef = ECD07DAE29BCF819007E46FE /* WebViewController.swift */; };
		ECD07DB129BCF839007E46FE /* WebPresenter.swift in Sources */ = {isa = PBXBuildFile; fileRef = ECD07DB029BCF839007E46FE /* WebPresenter.swift */; };
/* End PBXBuildFile section */

/* Begin PBXFileReference section */
		ECC74A9829C1FCE400FA8A60 /* UIViewController+Ext.swift */ = {isa = PBXFileReference; lastKnownFileType = sourcecode.swift; path = "UIViewController+Ext.swift"; sourceTree = "<group>"; };
		ECCD316429B6047100F98EDD /* QR_Scanner.app */ = {isa = PBXFileReference; explicitFileType = wrapper.application; includeInIndex = 0; path = QR_Scanner.app; sourceTree = BUILT_PRODUCTS_DIR; };
		ECCD316729B6047100F98EDD /* AppDelegate.swift */ = {isa = PBXFileReference; lastKnownFileType = sourcecode.swift; path = AppDelegate.swift; sourceTree = "<group>"; };
		ECCD316B29B6047100F98EDD /* ScannerViewController.swift */ = {isa = PBXFileReference; lastKnownFileType = sourcecode.swift; path = ScannerViewController.swift; sourceTree = "<group>"; };
		ECCD317029B6047200F98EDD /* Assets.xcassets */ = {isa = PBXFileReference; lastKnownFileType = folder.assetcatalog; path = Assets.xcassets; sourceTree = "<group>"; };
		ECCD317329B6047200F98EDD /* Base */ = {isa = PBXFileReference; lastKnownFileType = file.storyboard; name = Base; path = Base.lproj/LaunchScreen.storyboard; sourceTree = "<group>"; };
		ECCD317529B6047200F98EDD /* Info.plist */ = {isa = PBXFileReference; lastKnownFileType = text.plist.xml; path = Info.plist; sourceTree = "<group>"; };
		ECD07DA729BCEB45007E46FE /* Router.swift */ = {isa = PBXFileReference; lastKnownFileType = sourcecode.swift; path = Router.swift; sourceTree = "<group>"; };
		ECD07DA929BCEB58007E46FE /* AssemblyModuleBuilder.swift */ = {isa = PBXFileReference; lastKnownFileType = sourcecode.swift; path = AssemblyModuleBuilder.swift; sourceTree = "<group>"; };
		ECD07DAB29BCEF36007E46FE /* ScannerPresenter.swift */ = {isa = PBXFileReference; lastKnownFileType = sourcecode.swift; path = ScannerPresenter.swift; sourceTree = "<group>"; };
		ECD07DAE29BCF819007E46FE /* WebViewController.swift */ = {isa = PBXFileReference; lastKnownFileType = sourcecode.swift; path = WebViewController.swift; sourceTree = "<group>"; };
		ECD07DB029BCF839007E46FE /* WebPresenter.swift */ = {isa = PBXFileReference; lastKnownFileType = sourcecode.swift; path = WebPresenter.swift; sourceTree = "<group>"; };
/* End PBXFileReference section */

/* Begin PBXFrameworksBuildPhase section */
		ECCD316129B6047100F98EDD /* Frameworks */ = {
			isa = PBXFrameworksBuildPhase;
			buildActionMask = 2147483647;
			files = (
			);
			runOnlyForDeploymentPostprocessing = 0;
		};
/* End PBXFrameworksBuildPhase section */

/* Begin PBXGroup section */
		ECC74A9A29C1FD0300FA8A60 /* Extension */ = {
			isa = PBXGroup;
			children = (
				ECC74A9829C1FCE400FA8A60 /* UIViewController+Ext.swift */,
			);
			path = Extension;
			sourceTree = "<group>";
		};
		ECCD315B29B6047100F98EDD = {
			isa = PBXGroup;
			children = (
				ECCD316629B6047100F98EDD /* QR_Scanner */,
				ECCD316529B6047100F98EDD /* Products */,
			);
			sourceTree = "<group>";
		};
		ECCD316529B6047100F98EDD /* Products */ = {
			isa = PBXGroup;
			children = (
				ECCD316429B6047100F98EDD /* QR_Scanner.app */,
			);
			name = Products;
			sourceTree = "<group>";
		};
		ECCD316629B6047100F98EDD /* QR_Scanner */ = {
			isa = PBXGroup;
			children = (
				ECC74A9A29C1FD0300FA8A60 /* Extension */,
				ECCD317B29B6062E00F98EDD /* App */,
				ECCD317E29B6068500F98EDD /* ModuleBuilder */,
				ECCD317D29B6064B00F98EDD /* Sources */,
				ECCD317C29B6063900F98EDD /* Resources */,
				ECCD317529B6047200F98EDD /* Info.plist */,
			);
			path = QR_Scanner;
			sourceTree = "<group>";
		};
		ECCD317B29B6062E00F98EDD /* App */ = {
			isa = PBXGroup;
			children = (
				ECCD316729B6047100F98EDD /* AppDelegate.swift */,
			);
			path = App;
			sourceTree = "<group>";
		};
		ECCD317C29B6063900F98EDD /* Resources */ = {
			isa = PBXGroup;
			children = (
				ECCD317029B6047200F98EDD /* Assets.xcassets */,
				ECCD317229B6047200F98EDD /* LaunchScreen.storyboard */,
			);
			path = Resources;
			sourceTree = "<group>";
		};
		ECCD317D29B6064B00F98EDD /* Sources */ = {
			isa = PBXGroup;
			children = (
				ECCD317F29B6080F00F98EDD /* ScannerModule */,
				ECD07DAD29BCF7D0007E46FE /* WebModule */,
			);
			path = Sources;
			sourceTree = "<group>";
		};
		ECCD317E29B6068500F98EDD /* ModuleBuilder */ = {
			isa = PBXGroup;
			children = (
				ECD07DA929BCEB58007E46FE /* AssemblyModuleBuilder.swift */,
				ECD07DA729BCEB45007E46FE /* Router.swift */,
			);
			path = ModuleBuilder;
			sourceTree = "<group>";
		};
		ECCD317F29B6080F00F98EDD /* ScannerModule */ = {
			isa = PBXGroup;
			children = (
				ECCD316B29B6047100F98EDD /* ScannerViewController.swift */,
				ECD07DAB29BCEF36007E46FE /* ScannerPresenter.swift */,
			);
			path = ScannerModule;
			sourceTree = "<group>";
		};
		ECD07DAD29BCF7D0007E46FE /* WebModule */ = {
			isa = PBXGroup;
			children = (
				ECD07DAE29BCF819007E46FE /* WebViewController.swift */,
				ECD07DB029BCF839007E46FE /* WebPresenter.swift */,
			);
			path = WebModule;
			sourceTree = "<group>";
		};
/* End PBXGroup section */

/* Begin PBXNativeTarget section */
		ECCD316329B6047100F98EDD /* QR_Scanner */ = {
			isa = PBXNativeTarget;
			buildConfigurationList = ECCD317829B6047200F98EDD /* Build configuration list for PBXNativeTarget "QR_Scanner" */;
			buildPhases = (
				ECCD316029B6047100F98EDD /* Sources */,
				ECCD316129B6047100F98EDD /* Frameworks */,
				ECCD316229B6047100F98EDD /* Resources */,
			);
			buildRules = (
			);
			dependencies = (
			);
			name = QR_Scanner;
			productName = QR_Scanner;
			productReference = ECCD316429B6047100F98EDD /* QR_Scanner.app */;
			productType = "com.apple.product-type.application";
		};
/* End PBXNativeTarget section */

/* Begin PBXProject section */
		ECCD315C29B6047100F98EDD /* Project object */ = {
			isa = PBXProject;
			attributes = {
				BuildIndependentTargetsInParallel = 1;
				LastSwiftUpdateCheck = 1400;
				LastUpgradeCheck = 1400;
				TargetAttributes = {
					ECCD316329B6047100F98EDD = {
						CreatedOnToolsVersion = 14.0.1;
					};
				};
			};
			buildConfigurationList = ECCD315F29B6047100F98EDD /* Build configuration list for PBXProject "QR_Scanner" */;
			compatibilityVersion = "Xcode 14.0";
			developmentRegion = en;
			hasScannedForEncodings = 0;
			knownRegions = (
				en,
				Base,
			);
			mainGroup = ECCD315B29B6047100F98EDD;
			productRefGroup = ECCD316529B6047100F98EDD /* Products */;
			projectDirPath = "";
			projectRoot = "";
			targets = (
				ECCD316329B6047100F98EDD /* QR_Scanner */,
			);
		};
/* End PBXProject section */

/* Begin PBXResourcesBuildPhase section */
		ECCD316229B6047100F98EDD /* Resources */ = {
			isa = PBXResourcesBuildPhase;
			buildActionMask = 2147483647;
			files = (
				ECCD317429B6047200F98EDD /* LaunchScreen.storyboard in Resources */,
				ECCD317129B6047200F98EDD /* Assets.xcassets in Resources */,
			);
			runOnlyForDeploymentPostprocessing = 0;
		};
/* End PBXResourcesBuildPhase section */

/* Begin PBXSourcesBuildPhase section */
		ECCD316029B6047100F98EDD /* Sources */ = {
			isa = PBXSourcesBuildPhase;
			buildActionMask = 2147483647;
			files = (
				ECCD316C29B6047100F98EDD /* ScannerViewController.swift in Sources */,
				ECD07DB129BCF839007E46FE /* WebPresenter.swift in Sources */,
				ECD07DAF29BCF819007E46FE /* WebViewController.swift in Sources */,
				ECC74A9929C1FCE400FA8A60 /* UIViewController+Ext.swift in Sources */,
				ECD07DAC29BCEF36007E46FE /* ScannerPresenter.swift in Sources */,
				ECD07DA829BCEB45007E46FE /* Router.swift in Sources */,
				ECCD316829B6047100F98EDD /* AppDelegate.swift in Sources */,
				ECD07DAA29BCEB58007E46FE /* AssemblyModuleBuilder.swift in Sources */,
			);
			runOnlyForDeploymentPostprocessing = 0;
		};
/* End PBXSourcesBuildPhase section */

/* Begin PBXVariantGroup section */
		ECCD317229B6047200F98EDD /* LaunchScreen.storyboard */ = {
			isa = PBXVariantGroup;
			children = (
				ECCD317329B6047200F98EDD /* Base */,
			);
			name = LaunchScreen.storyboard;
			sourceTree = "<group>";
		};
/* End PBXVariantGroup section */

/* Begin XCBuildConfiguration section */
		ECCD317629B6047200F98EDD /* Debug */ = {
			isa = XCBuildConfiguration;
			buildSettings = {
				ALWAYS_SEARCH_USER_PATHS = NO;
				CLANG_ANALYZER_NONNULL = YES;
				CLANG_ANALYZER_NUMBER_OBJECT_CONVERSION = YES_AGGRESSIVE;
				CLANG_CXX_LANGUAGE_STANDARD = "gnu++20";
				CLANG_ENABLE_MODULES = YES;
				CLANG_ENABLE_OBJC_ARC = YES;
				CLANG_ENABLE_OBJC_WEAK = YES;
				CLANG_WARN_BLOCK_CAPTURE_AUTORELEASING = YES;
				CLANG_WARN_BOOL_CONVERSION = YES;
				CLANG_WARN_COMMA = YES;
				CLANG_WARN_CONSTANT_CONVERSION = YES;
				CLANG_WARN_DEPRECATED_OBJC_IMPLEMENTATIONS = YES;
				CLANG_WARN_DIRECT_OBJC_ISA_USAGE = YES_ERROR;
				CLANG_WARN_DOCUMENTATION_COMMENTS = YES;
				CLANG_WARN_EMPTY_BODY = YES;
				CLANG_WARN_ENUM_CONVERSION = YES;
				CLANG_WARN_INFINITE_RECURSION = YES;
				CLANG_WARN_INT_CONVERSION = YES;
				CLANG_WARN_NON_LITERAL_NULL_CONVERSION = YES;
				CLANG_WARN_OBJC_IMPLICIT_RETAIN_SELF = YES;
				CLANG_WARN_OBJC_LITERAL_CONVERSION = YES;
				CLANG_WARN_OBJC_ROOT_CLASS = YES_ERROR;
				CLANG_WARN_QUOTED_INCLUDE_IN_FRAMEWORK_HEADER = YES;
				CLANG_WARN_RANGE_LOOP_ANALYSIS = YES;
				CLANG_WARN_STRICT_PROTOTYPES = YES;
				CLANG_WARN_SUSPICIOUS_MOVE = YES;
				CLANG_WARN_UNGUARDED_AVAILABILITY = YES_AGGRESSIVE;
				CLANG_WARN_UNREACHABLE_CODE = YES;
				CLANG_WARN__DUPLICATE_METHOD_MATCH = YES;
				COPY_PHASE_STRIP = NO;
				DEBUG_INFORMATION_FORMAT = dwarf;
				ENABLE_STRICT_OBJC_MSGSEND = YES;
				ENABLE_TESTABILITY = YES;
				GCC_C_LANGUAGE_STANDARD = gnu11;
				GCC_DYNAMIC_NO_PIC = NO;
				GCC_NO_COMMON_BLOCKS = YES;
				GCC_OPTIMIZATION_LEVEL = 0;
				GCC_PREPROCESSOR_DEFINITIONS = (
					"DEBUG=1",
					"$(inherited)",
				);
				GCC_WARN_64_TO_32_BIT_CONVERSION = YES;
				GCC_WARN_ABOUT_RETURN_TYPE = YES_ERROR;
				GCC_WARN_UNDECLARED_SELECTOR = YES;
				GCC_WARN_UNINITIALIZED_AUTOS = YES_AGGRESSIVE;
				GCC_WARN_UNUSED_FUNCTION = YES;
				GCC_WARN_UNUSED_VARIABLE = YES;
				IPHONEOS_DEPLOYMENT_TARGET = 16.0;
				MTL_ENABLE_DEBUG_INFO = INCLUDE_SOURCE;
				MTL_FAST_MATH = YES;
				ONLY_ACTIVE_ARCH = YES;
				SDKROOT = iphoneos;
				SWIFT_ACTIVE_COMPILATION_CONDITIONS = DEBUG;
				SWIFT_OPTIMIZATION_LEVEL = "-Onone";
			};
			name = Debug;
		};
		ECCD317729B6047200F98EDD /* Release */ = {
			isa = XCBuildConfiguration;
			buildSettings = {
				ALWAYS_SEARCH_USER_PATHS = NO;
				CLANG_ANALYZER_NONNULL = YES;
				CLANG_ANALYZER_NUMBER_OBJECT_CONVERSION = YES_AGGRESSIVE;
				CLANG_CXX_LANGUAGE_STANDARD = "gnu++20";
				CLANG_ENABLE_MODULES = YES;
				CLANG_ENABLE_OBJC_ARC = YES;
				CLANG_ENABLE_OBJC_WEAK = YES;
				CLANG_WARN_BLOCK_CAPTURE_AUTORELEASING = YES;
				CLANG_WARN_BOOL_CONVERSION = YES;
				CLANG_WARN_COMMA = YES;
				CLANG_WARN_CONSTANT_CONVERSION = YES;
				CLANG_WARN_DEPRECATED_OBJC_IMPLEMENTATIONS = YES;
				CLANG_WARN_DIRECT_OBJC_ISA_USAGE = YES_ERROR;
				CLANG_WARN_DOCUMENTATION_COMMENTS = YES;
				CLANG_WARN_EMPTY_BODY = YES;
				CLANG_WARN_ENUM_CONVERSION = YES;
				CLANG_WARN_INFINITE_RECURSION = YES;
				CLANG_WARN_INT_CONVERSION = YES;
				CLANG_WARN_NON_LITERAL_NULL_CONVERSION = YES;
				CLANG_WARN_OBJC_IMPLICIT_RETAIN_SELF = YES;
				CLANG_WARN_OBJC_LITERAL_CONVERSION = YES;
				CLANG_WARN_OBJC_ROOT_CLASS = YES_ERROR;
				CLANG_WARN_QUOTED_INCLUDE_IN_FRAMEWORK_HEADER = YES;
				CLANG_WARN_RANGE_LOOP_ANALYSIS = YES;
				CLANG_WARN_STRICT_PROTOTYPES = YES;
				CLANG_WARN_SUSPICIOUS_MOVE = YES;
				CLANG_WARN_UNGUARDED_AVAILABILITY = YES_AGGRESSIVE;
				CLANG_WARN_UNREACHABLE_CODE = YES;
				CLANG_WARN__DUPLICATE_METHOD_MATCH = YES;
				COPY_PHASE_STRIP = NO;
				DEBUG_INFORMATION_FORMAT = "dwarf-with-dsym";
				ENABLE_NS_ASSERTIONS = NO;
				ENABLE_STRICT_OBJC_MSGSEND = YES;
				GCC_C_LANGUAGE_STANDARD = gnu11;
				GCC_NO_COMMON_BLOCKS = YES;
				GCC_WARN_64_TO_32_BIT_CONVERSION = YES;
				GCC_WARN_ABOUT_RETURN_TYPE = YES_ERROR;
				GCC_WARN_UNDECLARED_SELECTOR = YES;
				GCC_WARN_UNINITIALIZED_AUTOS = YES_AGGRESSIVE;
				GCC_WARN_UNUSED_FUNCTION = YES;
				GCC_WARN_UNUSED_VARIABLE = YES;
				IPHONEOS_DEPLOYMENT_TARGET = 16.0;
				MTL_ENABLE_DEBUG_INFO = NO;
				MTL_FAST_MATH = YES;
				SDKROOT = iphoneos;
				SWIFT_COMPILATION_MODE = wholemodule;
				SWIFT_OPTIMIZATION_LEVEL = "-O";
				VALIDATE_PRODUCT = YES;
			};
			name = Release;
		};
		ECCD317929B6047200F98EDD /* Debug */ = {
			isa = XCBuildConfiguration;
			buildSettings = {
				ASSETCATALOG_COMPILER_APPICON_NAME = AppIcon;
				ASSETCATALOG_COMPILER_GLOBAL_ACCENT_COLOR_NAME = AccentColor;
				CODE_SIGN_STYLE = Automatic;
				CURRENT_PROJECT_VERSION = 1;
				DEVELOPMENT_TEAM = 3496F3A4HL;
				GENERATE_INFOPLIST_FILE = YES;
				INFOPLIST_FILE = QR_Scanner/Info.plist;
				INFOPLIST_KEY_NSCameraUsageDescription = "Allows user to capture a photo or video to upload to their family circle";
				INFOPLIST_KEY_NSPhotoLibraryUsageDescription = "Permission required to save information from the Web";
				INFOPLIST_KEY_UIApplicationSupportsIndirectInputEvents = YES;
				INFOPLIST_KEY_UILaunchStoryboardName = LaunchScreen;
				INFOPLIST_KEY_UIMainStoryboardFile = "";
				INFOPLIST_KEY_UISupportedInterfaceOrientations_iPad = "UIInterfaceOrientationPortrait UIInterfaceOrientationPortraitUpsideDown UIInterfaceOrientationLandscapeLeft UIInterfaceOrientationLandscapeRight";
				INFOPLIST_KEY_UISupportedInterfaceOrientations_iPhone = "UIInterfaceOrientationPortrait UIInterfaceOrientationLandscapeLeft UIInterfaceOrientationLandscapeRight";
				IPHONEOS_DEPLOYMENT_TARGET = 14.0;
				LD_RUNPATH_SEARCH_PATHS = (
					"$(inherited)",
					"@executable_path/Frameworks",
				);
				MARKETING_VERSION = 1.0;
				PRODUCT_BUNDLE_IDENTIFIER = "com.my.QR-Scanner";
				PRODUCT_NAME = "$(TARGET_NAME)";
				SUPPORTED_PLATFORMS = "iphoneos iphonesimulator";
				SUPPORTS_MACCATALYST = NO;
				SUPPORTS_MAC_DESIGNED_FOR_IPHONE_IPAD = NO;
				SWIFT_EMIT_LOC_STRINGS = YES;
				SWIFT_VERSION = 5.0;
				TARGETED_DEVICE_FAMILY = "1,2";
			};
			name = Debug;
		};
		ECCD317A29B6047200F98EDD /* Release */ = {
			isa = XCBuildConfiguration;
			buildSettings = {
				ASSETCATALOG_COMPILER_APPICON_NAME = AppIcon;
				ASSETCATALOG_COMPILER_GLOBAL_ACCENT_COLOR_NAME = AccentColor;
				CODE_SIGN_STYLE = Automatic;
				CURRENT_PROJECT_VERSION = 1;
				DEVELOPMENT_TEAM = 3496F3A4HL;
				GENERATE_INFOPLIST_FILE = YES;
				INFOPLIST_FILE = QR_Scanner/Info.plist;
				INFOPLIST_KEY_NSCameraUsageDescription = "Allows user to capture a photo or video to upload to their family circle";
				INFOPLIST_KEY_NSPhotoLibraryUsageDescription = "Permission required to save information from the Web";
				INFOPLIST_KEY_UIApplicationSupportsIndirectInputEvents = YES;
				INFOPLIST_KEY_UILaunchStoryboardName = LaunchScreen;
				INFOPLIST_KEY_UIMainStoryboardFile = "";
				INFOPLIST_KEY_UISupportedInterfaceOrientations_iPad = "UIInterfaceOrientationPortrait UIInterfaceOrientationPortraitUpsideDown UIInterfaceOrientationLandscapeLeft UIInterfaceOrientationLandscapeRight";
				INFOPLIST_KEY_UISupportedInterfaceOrientations_iPhone = "UIInterfaceOrientationPortrait UIInterfaceOrientationLandscapeLeft UIInterfaceOrientationLandscapeRight";
				IPHONEOS_DEPLOYMENT_TARGET = 14.0;
				LD_RUNPATH_SEARCH_PATHS = (
					"$(inherited)",
					"@executable_path/Frameworks",
				);
				MARKETING_VERSION = 1.0;
				PRODUCT_BUNDLE_IDENTIFIER = "com.my.QR-Scanner";
				PRODUCT_NAME = "$(TARGET_NAME)";
				SUPPORTED_PLATFORMS = "iphoneos iphonesimulator";
				SUPPORTS_MACCATALYST = NO;
				SUPPORTS_MAC_DESIGNED_FOR_IPHONE_IPAD = NO;
				SWIFT_EMIT_LOC_STRINGS = YES;
				SWIFT_VERSION = 5.0;
				TARGETED_DEVICE_FAMILY = "1,2";
			};
			name = Release;
		};
/* End XCBuildConfiguration section */

/* Begin XCConfigurationList section */
		ECCD315F29B6047100F98EDD /* Build configuration list for PBXProject "QR_Scanner" */ = {
			isa = XCConfigurationList;
			buildConfigurations = (
				ECCD317629B6047200F98EDD /* Debug */,
				ECCD317729B6047200F98EDD /* Release */,
			);
			defaultConfigurationIsVisible = 0;
			defaultConfigurationName = Release;
		};
		ECCD317829B6047200F98EDD /* Build configuration list for PBXNativeTarget "QR_Scanner" */ = {
			isa = XCConfigurationList;
			buildConfigurations = (
				ECCD317929B6047200F98EDD /* Debug */,
				ECCD317A29B6047200F98EDD /* Release */,
			);
			defaultConfigurationIsVisible = 0;
			defaultConfigurationName = Release;
		};
/* End XCConfigurationList section */
	};
	rootObject = ECCD315C29B6047100F98EDD /* Project object */;
}
